// !$*UTF8*$!
{
	archiveVersion = 1;
	classes = {
	};
	objectVersion = 46;
	objects = {

/* Begin PBXBuildFile section */
		F5FFEB411C8082000048CB24 /* main.swift in Sources */ = {isa = PBXBuildFile; fileRef = F5FFEB401C8082000048CB24 /* main.swift */; };
		F5FFEB481C8082750048CB24 /* GlowAct.swift in Sources */ = {isa = PBXBuildFile; fileRef = F5FFEB471C8082750048CB24 /* GlowAct.swift */; };
		F5FFEB4A1C8083A90048CB24 /* City.swift in Sources */ = {isa = PBXBuildFile; fileRef = F5FFEB491C8083A90048CB24 /* City.swift */; };
/* End PBXBuildFile section */

/* Begin PBXCopyFilesBuildPhase section */
		F5FFEB3B1C8082000048CB24 /* CopyFiles */ = {
			isa = PBXCopyFilesBuildPhase;
			buildActionMask = 2147483647;
			dstPath = /usr/share/man/man1/;
			dstSubfolderSpec = 0;
			files = (
			);
			runOnlyForDeploymentPostprocessing = 1;
		};
/* End PBXCopyFilesBuildPhase section */

/* Begin PBXFileReference section */
		F5FFEB3D1C8082000048CB24 /* hellglow world */ = {isa = PBXFileReference; explicitFileType = "compiled.mach-o.executable"; includeInIndex = 0; path = "hellglow world"; sourceTree = BUILT_PRODUCTS_DIR; };
		F5FFEB401C8082000048CB24 /* main.swift */ = {isa = PBXFileReference; lastKnownFileType = sourcecode.swift; path = main.swift; sourceTree = "<group>"; };
		F5FFEB471C8082750048CB24 /* GlowAct.swift */ = {isa = PBXFileReference; fileEncoding = 4; lastKnownFileType = sourcecode.swift; path = GlowAct.swift; sourceTree = "<group>"; };
		F5FFEB491C8083A90048CB24 /* City.swift */ = {isa = PBXFileReference; fileEncoding = 4; lastKnownFileType = sourcecode.swift; path = City.swift; sourceTree = "<group>"; };
/* End PBXFileReference section */

/* Begin PBXFrameworksBuildPhase section */
		F5FFEB3A1C8082000048CB24 /* Frameworks */ = {
			isa = PBXFrameworksBuildPhase;
			buildActionMask = 2147483647;
			files = (
			);
			runOnlyForDeploymentPostprocessing = 0;
		};
/* End PBXFrameworksBuildPhase section */

/* Begin PBXGroup section */
		F5FFEB341C8082000048CB24 = {
			isa = PBXGroup;
			children = (
				F5FFEB3F1C8082000048CB24 /* hellglow world */,
				F5FFEB3E1C8082000048CB24 /* Products */,
			);
			sourceTree = "<group>";
		};
		F5FFEB3E1C8082000048CB24 /* Products */ = {
			isa = PBXGroup;
			children = (
				F5FFEB3D1C8082000048CB24 /* hellglow world */,
			);
			name = Products;
			sourceTree = "<group>";
		};
		F5FFEB3F1C8082000048CB24 /* hellglow world */ = {
			isa = PBXGroup;
			children = (
				F5FFEB401C8082000048CB24 /* main.swift */,
				F5FFEB471C8082750048CB24 /* GlowAct.swift */,
				F5FFEB491C8083A90048CB24 /* City.swift */,
			);
			path = "hellglow world";
			sourceTree = "<group>";
		};
/* End PBXGroup section */

/* Begin PBXNativeTarget section */
		F5FFEB3C1C8082000048CB24 /* hellglow world */ = {
			isa = PBXNativeTarget;
			buildConfigurationList = F5FFEB441C8082000048CB24 /* Build configuration list for PBXNativeTarget "hellglow world" */;
			buildPhases = (
				F5FFEB391C8082000048CB24 /* Sources */,
				F5FFEB3A1C8082000048CB24 /* Frameworks */,
				F5FFEB3B1C8082000048CB24 /* CopyFiles */,
			);
			buildRules = (
			);
			dependencies = (
			);
			name = "hellglow world";
			productName = "hellglow world";
			productReference = F5FFEB3D1C8082000048CB24 /* hellglow world */;
			productType = "com.apple.product-type.tool";
		};
/* End PBXNativeTarget section */

/* Begin PBXProject section */
		F5FFEB351C8082000048CB24 /* Project object */ = {
			isa = PBXProject;
			attributes = {
				LastSwiftUpdateCheck = 0720;
				LastUpgradeCheck = 0720;
				ORGANIZATIONNAME = Fhict;
				TargetAttributes = {
					F5FFEB3C1C8082000048CB24 = {
						CreatedOnToolsVersion = 7.2.1;
					};
				};
			};
			buildConfigurationList = F5FFEB381C8082000048CB24 /* Build configuration list for PBXProject "hellglow world" */;
			compatibilityVersion = "Xcode 3.2";
			developmentRegion = English;
			hasScannedForEncodings = 0;
			knownRegions = (
				en,
			);
			mainGroup = F5FFEB341C8082000048CB24;
			productRefGroup = F5FFEB3E1C8082000048CB24 /* Products */;
			projectDirPath = "";
			projectRoot = "";
			targets = (
				F5FFEB3C1C8082000048CB24 /* hellglow world */,
			);
		};
/* End PBXProject section */

/* Begin PBXSourcesBuildPhase section */
		F5FFEB391C8082000048CB24 /* Sources */ = {
			isa = PBXSourcesBuildPhase;
			buildActionMask = 2147483647;
			files = (
				F5FFEB411C8082000048CB24 /* main.swift in Sources */,
				F5FFEB481C8082750048CB24 /* GlowAct.swift in Sources */,
				F5FFEB4A1C8083A90048CB24 /* City.swift in Sources */,
			);
			runOnlyForDeploymentPostprocessing = 0;
		};
/* End PBXSourcesBuildPhase section */

/* Begin XCBuildConfiguration section */
		F5FFEB421C8082000048CB24 /* Debug */ = {
			isa = XCBuildConfiguration;
			buildSettings = {
				ALWAYS_SEARCH_USER_PATHS = NO;
				CLANG_CXX_LANGUAGE_STANDARD = "gnu++0x";
				CLANG_CXX_LIBRARY = "libc++";
				CLANG_ENABLE_MODULES = YES;
				CLANG_ENABLE_OBJC_ARC = YES;
				CLANG_WARN_BOOL_CONVERSION = YES;
				CLANG_WARN_CONSTANT_CONVERSION = YES;
				CLANG_WARN_DIRECT_OBJC_ISA_USAGE = YES_ERROR;
				CLANG_WARN_EMPTY_BODY = YES;
				CLANG_WARN_ENUM_CONVERSION = YES;
				CLANG_WARN_INT_CONVERSION = YES;
				CLANG_WARN_OBJC_ROOT_CLASS = YES_ERROR;
				CLANG_WARN_UNREACHABLE_CODE = YES;
				CLANG_WARN__DUPLICATE_METHOD_MATCH = YES;
				CODE_SIGN_IDENTITY = "-";
				COPY_PHASE_STRIP = NO;
				DEBUG_INFORMATION_FORMAT = dwarf;
				ENABLE_STRICT_OBJC_MSGSEND = YES;
				ENABLE_TESTABILITY = YES;
				GCC_C_LANGUAGE_STANDARD = gnu99;
				GCC_DYNAMIC_NO_PIC = NO;
				GCC_NO_COMMON_BLOCKS = YES;
				GCC_OPTIMIZATION_LEVEL = 0;
				GCC_PREPROCESSOR_DEFINITIONS = (
					"DEBUG=1",
					"$(inherited)",
				);
				GCC_WARN_64_TO_32_BIT_CONVERSION = YES;
				GCC_WARN_ABOUT_RETURN_TYPE = YES_ERROR;
				GCC_WARN_UNDECLARED_SELECTOR = YES;
				GCC_WARN_UNINITIALIZED_AUTOS = YES_AGGRESSIVE;
				GCC_WARN_UNUSED_FUNCTION = YES;
				GCC_WARN_UNUSED_VARIABLE = YES;
				MACOSX_DEPLOYMENT_TARGET = 10.11;
				MTL_ENABLE_DEBUG_INFO = YES;
				ONLY_ACTIVE_ARCH = YES;
				SDKROOT = macosx;
				SWIFT_OPTIMIZATION_LEVEL = "-Onone";
			};
			name = Debug;
		};
		F5FFEB431C8082000048CB24 /* Release */ = {
			isa = XCBuildConfiguration;
			buildSettings = {
				ALWAYS_SEARCH_USER_PATHS = NO;
				CLANG_CXX_LANGUAGE_STANDARD = "gnu++0x";
				CLANG_CXX_LIBRARY = "libc++";
				CLANG_ENABLE_MODULES = YES;
				CLANG_ENABLE_OBJC_ARC = YES;
				CLANG_WARN_BOOL_CONVERSION = YES;
				CLANG_WARN_CONSTANT_CONVERSION = YES;
				CLANG_WARN_DIRECT_OBJC_ISA_USAGE = YES_ERROR;
				CLANG_WARN_EMPTY_BODY = YES;
				CLANG_WARN_ENUM_CONVERSION = YES;
				CLANG_WARN_INT_CONVERSION = YES;
				CLANG_WARN_OBJC_ROOT_CLASS = YES_ERROR;
				CLANG_WARN_UNREACHABLE_CODE = YES;
				CLANG_WARN__DUPLICATE_METHOD_MATCH = YES;
				CODE_SIGN_IDENTITY = "-";
				COPY_PHASE_STRIP = NO;
				DEBUG_INFORMATION_FORMAT = "dwarf-with-dsym";
				ENABLE_NS_ASSERTIONS = NO;
				ENABLE_STRICT_OBJC_MSGSEND = YES;
				GCC_C_LANGUAGE_STANDARD = gnu99;
				GCC_NO_COMMON_BLOCKS = YES;
				GCC_WARN_64_TO_32_BIT_CONVERSION = YES;
				GCC_WARN_ABOUT_RETURN_TYPE = YES_ERROR;
				GCC_WARN_UNDECLARED_SELECTOR = YES;
				GCC_WARN_UNINITIALIZED_AUTOS = YES_AGGRESSIVE;
				GCC_WARN_UNUSED_FUNCTION = YES;
				GCC_WARN_UNUSED_VARIABLE = YES;
				MACOSX_DEPLOYMENT_TARGET = 10.11;
				MTL_ENABLE_DEBUG_INFO = NO;
				SDKROOT = macosx;
			};
			name = Release;
		};
		F5FFEB451C8082000048CB24 /* Debug */ = {
			isa = XCBuildConfiguration;
			buildSettings = {
				PRODUCT_NAME = "$(TARGET_NAME)";
			};
			name = Debug;
		};
		F5FFEB461C8082000048CB24 /* Release */ = {
			isa = XCBuildConfiguration;
			buildSettings = {
				PRODUCT_NAME = "$(TARGET_NAME)";
			};
			name = Release;
		};
/* End XCBuildConfiguration section */

/* Begin XCConfigurationList section */
		F5FFEB381C8082000048CB24 /* Build configuration list for PBXProject "hellglow world" */ = {
			isa = XCConfigurationList;
			buildConfigurations = (
				F5FFEB421C8082000048CB24 /* Debug */,
				F5FFEB431C8082000048CB24 /* Release */,
			);
			defaultConfigurationIsVisible = 0;
			defaultConfigurationName = Release;
		};
		F5FFEB441C8082000048CB24 /* Build configuration list for PBXNativeTarget "hellglow world" */ = {
			isa = XCConfigurationList;
			buildConfigurations = (
				F5FFEB451C8082000048CB24 /* Debug */,
				F5FFEB461C8082000048CB24 /* Release */,
			);
			defaultConfigurationIsVisible = 0;
		};
/* End XCConfigurationList section */
	};
	rootObject = F5FFEB351C8082000048CB24 /* Project object */;
}
